
Microsoft Visual Studio Solution File, Format Version 12.00
# Visual Studio Version 17
VisualStudioVersion = 17.2.32616.157
MinimumVisualStudioVersion = 10.0.40219.1
Project("{9A19103F-16F7-4668-BE54-9A1E7A4F7556}") = "ApprovalTest", "ApprovalTest\ApprovalTest.csproj", "{41391225-9069-4EB0-878A-AFCBE9522E26}"
EndProject
Project("{9A19103F-16F7-4668-BE54-9A1E7A4F7556}") = "ApprovalTest.Domain", "ApprovalTest.Domain\ApprovalTest.Domain.csproj", "{67C78FEB-63C9-44E5-A91C-EF5CE33577EF}"
EndProject
Project("{9A19103F-16F7-4668-BE54-9A1E7A4F7556}") = "ApprovalTest.Infra", "ApprovalTest.Infra\ApprovalTest.Infra.csproj", "{36120244-5AE6-4847-A33A-07FE93D3B2B7}"
EndProject
Project("{FAE04EC0-301F-11D3-BF4B-00C04F79EFBC}") = "ApprovalTest.Test", "ApprovalTest.Test\ApprovalTest.Test.csproj", "{A3E03825-F8EB-4AE8-BDA0-E0006C47B634}"
EndProject
Global
	GlobalSection(SolutionConfigurationPlatforms) = preSolution
		Debug|Any CPU = Debug|Any CPU
		Release|Any CPU = Release|Any CPU
	EndGlobalSection
	GlobalSection(ProjectConfigurationPlatforms) = postSolution
		{41391225-9069-4EB0-878A-AFCBE9522E26}.Debug|Any CPU.ActiveCfg = Debug|Any CPU
		{41391225-9069-4EB0-878A-AFCBE9522E26}.Debug|Any CPU.Build.0 = Debug|Any CPU
		{41391225-9069-4EB0-878A-AFCBE9522E26}.Release|Any CPU.ActiveCfg = Release|Any CPU
		{41391225-9069-4EB0-878A-AFCBE9522E26}.Release|Any CPU.Build.0 = Release|Any CPU
		{67C78FEB-63C9-44E5-A91C-EF5CE33577EF}.Debug|Any CPU.ActiveCfg = Debug|Any CPU
		{67C78FEB-63C9-44E5-A91C-EF5CE33577EF}.Debug|Any CPU.Build.0 = Debug|Any CPU
		{67C78FEB-63C9-44E5-A91C-EF5CE33577EF}.Release|Any CPU.ActiveCfg = Release|Any CPU
		{67C78FEB-63C9-44E5-A91C-EF5CE33577EF}.Release|Any CPU.Build.0 = Release|Any CPU
		{36120244-5AE6-4847-A33A-07FE93D3B2B7}.Debug|Any CPU.ActiveCfg = Debug|Any CPU
		{36120244-5AE6-4847-A33A-07FE93D3B2B7}.Debug|Any CPU.Build.0 = Debug|Any CPU
		{36120244-5AE6-4847-A33A-07FE93D3B2B7}.Release|Any CPU.ActiveCfg = Release|Any CPU
		{36120244-5AE6-4847-A33A-07FE93D3B2B7}.Release|Any CPU.Build.0 = Release|Any CPU
		{A3E03825-F8EB-4AE8-BDA0-E0006C47B634}.Debug|Any CPU.ActiveCfg = Debug|Any CPU
		{A3E03825-F8EB-4AE8-BDA0-E0006C47B634}.Debug|Any CPU.Build.0 = Debug|Any CPU
		{A3E03825-F8EB-4AE8-BDA0-E0006C47B634}.Release|Any CPU.ActiveCfg = Release|Any CPU
		{A3E03825-F8EB-4AE8-BDA0-E0006C47B634}.Release|Any CPU.Build.0 = Release|Any CPU
	EndGlobalSection
	GlobalSection(SolutionProperties) = preSolution
		HideSolutionNode = FALSE
	EndGlobalSection
	GlobalSection(ExtensibilityGlobals) = postSolution
		SolutionGuid = {0717384C-7FBF-4D0C-A1F8-0298F35EFF00}
	EndGlobalSection
EndGlobal
